
Microsoft Visual Studio Solution File, Format Version 12.00
# Visual Studio Version 16
VisualStudioVersion = 16.0.32602.291
MinimumVisualStudioVersion = 10.0.40219.1
Project("{9A19103F-16F7-4668-BE54-9A1E7A4F7556}") = "HelloWorld", "HelloWorld\HelloWorld.csproj", "{7E98E7B0-8031-4EB8-B3BF-F92B0BD726C0}"
EndProject
Project("{9A19103F-16F7-4668-BE54-9A1E7A4F7556}") = "P02E01ConsoleApplication", "P02E01ConsoleApplication\P02E01ConsoleApplication.csproj", "{5514D50F-EC44-43FF-B6C7-94C4D0A812A7}"
EndProject
Project("{9A19103F-16F7-4668-BE54-9A1E7A4F7556}") = "P02E02WinFormsApplication", "P02E02WinFormsApplication\P02E02WinFormsApplication.csproj", "{728135DF-5F6D-45E8-88A3-BBBD4160D6C1}"
EndProject
Project("{9A19103F-16F7-4668-BE54-9A1E7A4F7556}") = "P02E03WpfApplication", "P02E03WpfApplication\P02E03WpfApplication.csproj", "{2C577562-575E-423E-B365-AE6AB41BB5FB}"
EndProject
Project("{FAE04EC0-301F-11D3-BF4B-00C04F79EFBC}") = "P02E04WebFormApplication", "P02E04WebApplication\P02E04WebFormApplication.csproj", "{83D8B37D-68BF-4863-99F8-8814ECA6EE71}"
EndProject
Project("{FAE04EC0-301F-11D3-BF4B-00C04F79EFBC}") = "P02E05MVCApplication", "P02E05MVCApplication\P02E05MVCApplication.csproj", "{3A4CC3A5-B6DF-464F-968B-51E2A9B3DFC7}"
EndProject
Project("{CC5FD16D-436D-48AD-A40C-5A424C6E3E79}") = "P02E08AzureCloudService", "P02E08AzureCloudService\P02E08AzureCloudService.ccproj", "{758B7ACF-9846-4C4E-A81C-8FBECAC1F0DD}"
EndProject
Project("{FAE04EC0-301F-11D3-BF4B-00C04F79EFBC}") = "SayHello", "SayHello\SayHello.csproj", "{013253B4-F247-42F2-AE57-210FA811B95E}"
EndProject
Project("{9A19103F-16F7-4668-BE54-9A1E7A4F7556}") = "P03E01ConsoleApp", "P03E01ConsoleApp\P03E01ConsoleApp.csproj", "{2F5779C7-4794-41A0-9D16-5823091565C6}"
EndProject
Project("{9A19103F-16F7-4668-BE54-9A1E7A4F7556}") = "P03E02ClassLibrary1", "P03E01ClassLibrary1\P03E02ClassLibrary1.csproj", "{7F49AA39-81F2-44CF-83F3-B30172516B0C}"
EndProject
Project("{9A19103F-16F7-4668-BE54-9A1E7A4F7556}") = "P04E01ConsoleApp", "P04E01ConsoleApp\P04E01ConsoleApp.csproj", "{BBC02597-1DED-4164-82E7-5CB5BEC8C4C0}"
EndProject
Project("{9A19103F-16F7-4668-BE54-9A1E7A4F7556}") = "P04E02WpfApp", "P04E02WpfApp\P04E02WpfApp.csproj", "{873DC0F1-4DFC-4D7E-ABA3-D5BF33732CA3}"
EndProject
Project("{9A19103F-16F7-4668-BE54-9A1E7A4F7556}") = "P05E01", "P05E01\P05E01.csproj", "{2F40CDCE-AF2A-4281-8094-A9BDFFDAE3C2}"
EndProject
Project("{9A19103F-16F7-4668-BE54-9A1E7A4F7556}") = "P06E01", "P06E01\P06E01.csproj", "{4BCD02B2-266C-4E47-BE36-883B6860AF0B}"
EndProject
Project("{9A19103F-16F7-4668-BE54-9A1E7A4F7556}") = "P06E02WpfApp", "P06E02WpfApp\P06E02WpfApp.csproj", "{19607B54-F852-4EEA-9E94-B66BDF36B706}"
EndProject
Project("{9A19103F-16F7-4668-BE54-9A1E7A4F7556}") = "P07E01", "P07E01\P07E01.csproj", "{AE1B35F4-9533-46CB-9395-FFCDCE7CB722}"
EndProject
Project("{8BC9CEB8-8B4A-11D0-8D11-00A0C91BC942}") = "P08E01CProject", "P08E01CProject\P08E01CProject.vcxproj", "{0100E008-B42B-4869-9ABF-A65724C86268}"
EndProject
Project("{9A19103F-16F7-4668-BE54-9A1E7A4F7556}") = "P08E02", "P08E02\P08E02.csproj", "{F46F5906-2D21-4162-832A-78E2DC6324CB}"
EndProject
Project("{9A19103F-16F7-4668-BE54-9A1E7A4F7556}") = "P09E01", "P09E01\P09E01.csproj", "{07619665-6A8D-4DDD-8F7E-A26307551FEE}"
EndProject
Project("{9A19103F-16F7-4668-BE54-9A1E7A4F7556}") = "P10E01", "P10E01\P10E01.csproj", "{E1C5A8FE-61A6-43D7-BF79-7F58F50214AD}"
EndProject
Project("{9A19103F-16F7-4668-BE54-9A1E7A4F7556}") = "P13E01", "P13E01\P13E01.csproj", "{156E4FA2-8265-4939-B043-B1726A65C025}"
EndProject
Project("{9A19103F-16F7-4668-BE54-9A1E7A4F7556}") = "P17E01", "P17E01\P17E01.csproj", "{844AA817-BD55-4393-8FBE-8C7A7B2B81A4}"
EndProject
Project("{9A19103F-16F7-4668-BE54-9A1E7A4F7556}") = "P18E01", "P18E01\P18E01.csproj", "{A44F853D-9B1C-4D7F-94DE-A427EB55DDEC}"
EndProject
Project("{9A19103F-16F7-4668-BE54-9A1E7A4F7556}") = "P19E01", "P19E01\P19E01.csproj", "{ABA27742-0341-408A-8949-41D0A10A9D86}"
EndProject
Project("{9A19103F-16F7-4668-BE54-9A1E7A4F7556}") = "P20E01", "P20E01\P20E01.csproj", "{F53C04D9-B135-41EC-9A29-6CB77ACD32EA}"
EndProject
Project("{9A19103F-16F7-4668-BE54-9A1E7A4F7556}") = "P23E01", "P23E01\P23E01.csproj", "{ECB4841A-C330-4998-B141-42F7443BC232}"
EndProject
Project("{9A19103F-16F7-4668-BE54-9A1E7A4F7556}") = "P24E01", "P24E01\P24E01.csproj", "{6E59BFDE-E2E4-402F-9DB4-0B19444EBAF8}"
EndProject
Project("{9A19103F-16F7-4668-BE54-9A1E7A4F7556}") = "P27E01", "P27E01\P27E01.csproj", "{2AAA824B-EAB9-4157-8F85-6046B44E1CC8}"
EndProject
Project("{9A19103F-16F7-4668-BE54-9A1E7A4F7556}") = "P28E01", "P28E01\P28E01.csproj", "{340FAF50-A85A-4FBE-9AFB-11FD99DD443F}"
EndProject
Project("{9A19103F-16F7-4668-BE54-9A1E7A4F7556}") = "P31E01", "P31E01\P31E01.csproj", "{BE0CE8D3-E958-47D4-B6DD-E43934848571}"
EndProject
Project("{FAE04EC0-301F-11D3-BF4B-00C04F79EFBC}") = "P29E01", "P29E01\P29E01.csproj", "{09A0503C-C01E-40E1-AD93-EA802FB3A0AB}"
EndProject
Project("{FAE04EC0-301F-11D3-BF4B-00C04F79EFBC}") = "P28E01.Tests", "P28E01.Tests\P28E01.Tests.csproj", "{EA6F3602-3222-4D18-BA4E-81939218411E}"
EndProject
Project("{FAE04EC0-301F-11D3-BF4B-00C04F79EFBC}") = "P29E02", "P29E02\P29E02.csproj", "{D964038E-C411-40C7-8783-D09DFBC31029}"
EndProject
Project("{FAE04EC0-301F-11D3-BF4B-00C04F79EFBC}") = "Animals.Lib", "Animals.Lib\Animals.Lib.csproj", "{E2A107FC-AA09-4038-8F4B-C2BEF8B9B2F6}"
EndProject
Project("{FAE04EC0-301F-11D3-BF4B-00C04F79EFBC}") = "Animals.Lib2", "Animals.Lib2\Animals.Lib2.csproj", "{197C59B9-8804-4F78-8920-7DD1BED7070E}"
EndProject
Project("{FAE04EC0-301F-11D3-BF4B-00C04F79EFBC}") = "BabyStroller.SDK", "BabyStroller.SDK\BabyStroller.SDK.csproj", "{0756A836-E568-48E0-B31A-87337F524618}"
EndProject
Project("{FAE04EC0-301F-11D3-BF4B-00C04F79EFBC}") = "P30E01", "P30E01\P30E01.csproj", "{6CFBEF6E-862B-4626-B483-4ED65EC1D7A3}"
EndProject
Project("{FAE04EC0-301F-11D3-BF4B-00C04F79EFBC}") = "P26E01", "P26E01\P26E01.csproj", "{07519272-9533-4DB6-BABA-79B0FA1F6711}"
EndProject
Global
	GlobalSection(SolutionConfigurationPlatforms) = preSolution
		Debug|Any CPU = Debug|Any CPU
		Debug|x64 = Debug|x64
		Debug|x86 = Debug|x86
		Release|Any CPU = Release|Any CPU
		Release|x64 = Release|x64
		Release|x86 = Release|x86
	EndGlobalSection
	GlobalSection(ProjectConfigurationPlatforms) = postSolution
		{7E98E7B0-8031-4EB8-B3BF-F92B0BD726C0}.Debug|Any CPU.ActiveCfg = Debug|Any CPU
		{7E98E7B0-8031-4EB8-B3BF-F92B0BD726C0}.Debug|Any CPU.Build.0 = Debug|Any CPU
		{7E98E7B0-8031-4EB8-B3BF-F92B0BD726C0}.Debug|x64.ActiveCfg = Debug|Any CPU
		{7E98E7B0-8031-4EB8-B3BF-F92B0BD726C0}.Debug|x64.Build.0 = Debug|Any CPU
		{7E98E7B0-8031-4EB8-B3BF-F92B0BD726C0}.Debug|x86.ActiveCfg = Debug|Any CPU
		{7E98E7B0-8031-4EB8-B3BF-F92B0BD726C0}.Debug|x86.Build.0 = Debug|Any CPU
		{7E98E7B0-8031-4EB8-B3BF-F92B0BD726C0}.Release|Any CPU.ActiveCfg = Release|Any CPU
		{7E98E7B0-8031-4EB8-B3BF-F92B0BD726C0}.Release|Any CPU.Build.0 = Release|Any CPU
		{7E98E7B0-8031-4EB8-B3BF-F92B0BD726C0}.Release|x64.ActiveCfg = Release|Any CPU
		{7E98E7B0-8031-4EB8-B3BF-F92B0BD726C0}.Release|x64.Build.0 = Release|Any CPU
		{7E98E7B0-8031-4EB8-B3BF-F92B0BD726C0}.Release|x86.ActiveCfg = Release|Any CPU
		{7E98E7B0-8031-4EB8-B3BF-F92B0BD726C0}.Release|x86.Build.0 = Release|Any CPU
		{5514D50F-EC44-43FF-B6C7-94C4D0A812A7}.Debug|Any CPU.ActiveCfg = Debug|Any CPU
		{5514D50F-EC44-43FF-B6C7-94C4D0A812A7}.Debug|Any CPU.Build.0 = Debug|Any CPU
		{5514D50F-EC44-43FF-B6C7-94C4D0A812A7}.Debug|x64.ActiveCfg = Debug|Any CPU
		{5514D50F-EC44-43FF-B6C7-94C4D0A812A7}.Debug|x64.Build.0 = Debug|Any CPU
		{5514D50F-EC44-43FF-B6C7-94C4D0A812A7}.Debug|x86.ActiveCfg = Debug|Any CPU
		{5514D50F-EC44-43FF-B6C7-94C4D0A812A7}.Debug|x86.Build.0 = Debug|Any CPU
		{5514D50F-EC44-43FF-B6C7-94C4D0A812A7}.Release|Any CPU.ActiveCfg = Release|Any CPU
		{5514D50F-EC44-43FF-B6C7-94C4D0A812A7}.Release|Any CPU.Build.0 = Release|Any CPU
		{5514D50F-EC44-43FF-B6C7-94C4D0A812A7}.Release|x64.ActiveCfg = Release|Any CPU
		{5514D50F-EC44-43FF-B6C7-94C4D0A812A7}.Release|x64.Build.0 = Release|Any CPU
		{5514D50F-EC44-43FF-B6C7-94C4D0A812A7}.Release|x86.ActiveCfg = Release|Any CPU
		{5514D50F-EC44-43FF-B6C7-94C4D0A812A7}.Release|x86.Build.0 = Release|Any CPU
		{728135DF-5F6D-45E8-88A3-BBBD4160D6C1}.Debug|Any CPU.ActiveCfg = Debug|Any CPU
		{728135DF-5F6D-45E8-88A3-BBBD4160D6C1}.Debug|Any CPU.Build.0 = Debug|Any CPU
		{728135DF-5F6D-45E8-88A3-BBBD4160D6C1}.Debug|x64.ActiveCfg = Debug|Any CPU
		{728135DF-5F6D-45E8-88A3-BBBD4160D6C1}.Debug|x64.Build.0 = Debug|Any CPU
		{728135DF-5F6D-45E8-88A3-BBBD4160D6C1}.Debug|x86.ActiveCfg = Debug|Any CPU
		{728135DF-5F6D-45E8-88A3-BBBD4160D6C1}.Debug|x86.Build.0 = Debug|Any CPU
		{728135DF-5F6D-45E8-88A3-BBBD4160D6C1}.Release|Any CPU.ActiveCfg = Release|Any CPU
		{728135DF-5F6D-45E8-88A3-BBBD4160D6C1}.Release|Any CPU.Build.0 = Release|Any CPU
		{728135DF-5F6D-45E8-88A3-BBBD4160D6C1}.Release|x64.ActiveCfg = Release|Any CPU
		{728135DF-5F6D-45E8-88A3-BBBD4160D6C1}.Release|x64.Build.0 = Release|Any CPU
		{728135DF-5F6D-45E8-88A3-BBBD4160D6C1}.Release|x86.ActiveCfg = Release|Any CPU
		{728135DF-5F6D-45E8-88A3-BBBD4160D6C1}.Release|x86.Build.0 = Release|Any CPU
		{2C577562-575E-423E-B365-AE6AB41BB5FB}.Debug|Any CPU.ActiveCfg = Debug|Any CPU
		{2C577562-575E-423E-B365-AE6AB41BB5FB}.Debug|Any CPU.Build.0 = Debug|Any CPU
		{2C577562-575E-423E-B365-AE6AB41BB5FB}.Debug|x64.ActiveCfg = Debug|Any CPU
		{2C577562-575E-423E-B365-AE6AB41BB5FB}.Debug|x64.Build.0 = Debug|Any CPU
		{2C577562-575E-423E-B365-AE6AB41BB5FB}.Debug|x86.ActiveCfg = Debug|Any CPU
		{2C577562-575E-423E-B365-AE6AB41BB5FB}.Debug|x86.Build.0 = Debug|Any CPU
		{2C577562-575E-423E-B365-AE6AB41BB5FB}.Release|Any CPU.ActiveCfg = Release|Any CPU
		{2C577562-575E-423E-B365-AE6AB41BB5FB}.Release|Any CPU.Build.0 = Release|Any CPU
		{2C577562-575E-423E-B365-AE6AB41BB5FB}.Release|x64.ActiveCfg = Release|Any CPU
		{2C577562-575E-423E-B365-AE6AB41BB5FB}.Release|x64.Build.0 = Release|Any CPU
		{2C577562-575E-423E-B365-AE6AB41BB5FB}.Release|x86.ActiveCfg = Release|Any CPU
		{2C577562-575E-423E-B365-AE6AB41BB5FB}.Release|x86.Build.0 = Release|Any CPU
		{83D8B37D-68BF-4863-99F8-8814ECA6EE71}.Debug|Any CPU.ActiveCfg = Debug|Any CPU
		{83D8B37D-68BF-4863-99F8-8814ECA6EE71}.Debug|Any CPU.Build.0 = Debug|Any CPU
		{83D8B37D-68BF-4863-99F8-8814ECA6EE71}.Debug|x64.ActiveCfg = Debug|Any CPU
		{83D8B37D-68BF-4863-99F8-8814ECA6EE71}.Debug|x64.Build.0 = Debug|Any CPU
		{83D8B37D-68BF-4863-99F8-8814ECA6EE71}.Debug|x86.ActiveCfg = Debug|Any CPU
		{83D8B37D-68BF-4863-99F8-8814ECA6EE71}.Debug|x86.Build.0 = Debug|Any CPU
		{83D8B37D-68BF-4863-99F8-8814ECA6EE71}.Release|Any CPU.ActiveCfg = Release|Any CPU
		{83D8B37D-68BF-4863-99F8-8814ECA6EE71}.Release|Any CPU.Build.0 = Release|Any CPU
		{83D8B37D-68BF-4863-99F8-8814ECA6EE71}.Release|x64.ActiveCfg = Release|Any CPU
		{83D8B37D-68BF-4863-99F8-8814ECA6EE71}.Release|x64.Build.0 = Release|Any CPU
		{83D8B37D-68BF-4863-99F8-8814ECA6EE71}.Release|x86.ActiveCfg = Release|Any CPU
		{83D8B37D-68BF-4863-99F8-8814ECA6EE71}.Release|x86.Build.0 = Release|Any CPU
		{3A4CC3A5-B6DF-464F-968B-51E2A9B3DFC7}.Debug|Any CPU.ActiveCfg = Debug|Any CPU
		{3A4CC3A5-B6DF-464F-968B-51E2A9B3DFC7}.Debug|Any CPU.Build.0 = Debug|Any CPU
		{3A4CC3A5-B6DF-464F-968B-51E2A9B3DFC7}.Debug|x64.ActiveCfg = Debug|Any CPU
		{3A4CC3A5-B6DF-464F-968B-51E2A9B3DFC7}.Debug|x64.Build.0 = Debug|Any CPU
		{3A4CC3A5-B6DF-464F-968B-51E2A9B3DFC7}.Debug|x86.ActiveCfg = Debug|Any CPU
		{3A4CC3A5-B6DF-464F-968B-51E2A9B3DFC7}.Debug|x86.Build.0 = Debug|Any CPU
		{3A4CC3A5-B6DF-464F-968B-51E2A9B3DFC7}.Release|Any CPU.ActiveCfg = Release|Any CPU
		{3A4CC3A5-B6DF-464F-968B-51E2A9B3DFC7}.Release|Any CPU.Build.0 = Release|Any CPU
		{3A4CC3A5-B6DF-464F-968B-51E2A9B3DFC7}.Release|x64.ActiveCfg = Release|Any CPU
		{3A4CC3A5-B6DF-464F-968B-51E2A9B3DFC7}.Release|x64.Build.0 = Release|Any CPU
		{3A4CC3A5-B6DF-464F-968B-51E2A9B3DFC7}.Release|x86.ActiveCfg = Release|Any CPU
		{3A4CC3A5-B6DF-464F-968B-51E2A9B3DFC7}.Release|x86.Build.0 = Release|Any CPU
		{758B7ACF-9846-4C4E-A81C-8FBECAC1F0DD}.Debug|Any CPU.ActiveCfg = Debug|Any CPU
		{758B7ACF-9846-4C4E-A81C-8FBECAC1F0DD}.Debug|Any CPU.Build.0 = Debug|Any CPU
		{758B7ACF-9846-4C4E-A81C-8FBECAC1F0DD}.Debug|x64.ActiveCfg = Debug|Any CPU
		{758B7ACF-9846-4C4E-A81C-8FBECAC1F0DD}.Debug|x64.Build.0 = Debug|Any CPU
		{758B7ACF-9846-4C4E-A81C-8FBECAC1F0DD}.Debug|x86.ActiveCfg = Debug|Any CPU
		{758B7ACF-9846-4C4E-A81C-8FBECAC1F0DD}.Debug|x86.Build.0 = Debug|Any CPU
		{758B7ACF-9846-4C4E-A81C-8FBECAC1F0DD}.Release|Any CPU.ActiveCfg = Release|Any CPU
		{758B7ACF-9846-4C4E-A81C-8FBECAC1F0DD}.Release|Any CPU.Build.0 = Release|Any CPU
		{758B7ACF-9846-4C4E-A81C-8FBECAC1F0DD}.Release|x64.ActiveCfg = Release|Any CPU
		{758B7ACF-9846-4C4E-A81C-8FBECAC1F0DD}.Release|x64.Build.0 = Release|Any CPU
		{758B7ACF-9846-4C4E-A81C-8FBECAC1F0DD}.Release|x86.ActiveCfg = Release|Any CPU
		{758B7ACF-9846-4C4E-A81C-8FBECAC1F0DD}.Release|x86.Build.0 = Release|Any CPU
		{013253B4-F247-42F2-AE57-210FA811B95E}.Debug|Any CPU.ActiveCfg = Debug|Any CPU
		{013253B4-F247-42F2-AE57-210FA811B95E}.Debug|Any CPU.Build.0 = Debug|Any CPU
		{013253B4-F247-42F2-AE57-210FA811B95E}.Debug|x64.ActiveCfg = Debug|Any CPU
		{013253B4-F247-42F2-AE57-210FA811B95E}.Debug|x86.ActiveCfg = Debug|Any CPU
		{013253B4-F247-42F2-AE57-210FA811B95E}.Release|Any CPU.ActiveCfg = Release|Any CPU
		{013253B4-F247-42F2-AE57-210FA811B95E}.Release|Any CPU.Build.0 = Release|Any CPU
		{013253B4-F247-42F2-AE57-210FA811B95E}.Release|x64.ActiveCfg = Release|Any CPU
		{013253B4-F247-42F2-AE57-210FA811B95E}.Release|x86.ActiveCfg = Release|Any CPU
		{2F5779C7-4794-41A0-9D16-5823091565C6}.Debug|Any CPU.ActiveCfg = Debug|Any CPU
		{2F5779C7-4794-41A0-9D16-5823091565C6}.Debug|Any CPU.Build.0 = Debug|Any CPU
		{2F5779C7-4794-41A0-9D16-5823091565C6}.Debug|x64.ActiveCfg = Debug|Any CPU
		{2F5779C7-4794-41A0-9D16-5823091565C6}.Debug|x64.Build.0 = Debug|Any CPU
		{2F5779C7-4794-41A0-9D16-5823091565C6}.Debug|x86.ActiveCfg = Debug|Any CPU
		{2F5779C7-4794-41A0-9D16-5823091565C6}.Debug|x86.Build.0 = Debug|Any CPU
		{2F5779C7-4794-41A0-9D16-5823091565C6}.Release|Any CPU.ActiveCfg = Release|Any CPU
		{2F5779C7-4794-41A0-9D16-5823091565C6}.Release|Any CPU.Build.0 = Release|Any CPU
		{2F5779C7-4794-41A0-9D16-5823091565C6}.Release|x64.ActiveCfg = Release|Any CPU
		{2F5779C7-4794-41A0-9D16-5823091565C6}.Release|x64.Build.0 = Release|Any CPU
		{2F5779C7-4794-41A0-9D16-5823091565C6}.Release|x86.ActiveCfg = Release|Any CPU
		{2F5779C7-4794-41A0-9D16-5823091565C6}.Release|x86.Build.0 = Release|Any CPU
		{7F49AA39-81F2-44CF-83F3-B30172516B0C}.Debug|Any CPU.ActiveCfg = Debug|Any CPU
		{7F49AA39-81F2-44CF-83F3-B30172516B0C}.Debug|Any CPU.Build.0 = Debug|Any CPU
		{7F49AA39-81F2-44CF-83F3-B30172516B0C}.Debug|x64.ActiveCfg = Debug|Any CPU
		{7F49AA39-81F2-44CF-83F3-B30172516B0C}.Debug|x64.Build.0 = Debug|Any CPU
		{7F49AA39-81F2-44CF-83F3-B30172516B0C}.Debug|x86.ActiveCfg = Debug|Any CPU
		{7F49AA39-81F2-44CF-83F3-B30172516B0C}.Debug|x86.Build.0 = Debug|Any CPU
		{7F49AA39-81F2-44CF-83F3-B30172516B0C}.Release|Any CPU.ActiveCfg = Release|Any CPU
		{7F49AA39-81F2-44CF-83F3-B30172516B0C}.Release|Any CPU.Build.0 = Release|Any CPU
		{7F49AA39-81F2-44CF-83F3-B30172516B0C}.Release|x64.ActiveCfg = Release|Any CPU
		{7F49AA39-81F2-44CF-83F3-B30172516B0C}.Release|x64.Build.0 = Release|Any CPU
		{7F49AA39-81F2-44CF-83F3-B30172516B0C}.Release|x86.ActiveCfg = Release|Any CPU
		{7F49AA39-81F2-44CF-83F3-B30172516B0C}.Release|x86.Build.0 = Release|Any CPU
		{BBC02597-1DED-4164-82E7-5CB5BEC8C4C0}.Debug|Any CPU.ActiveCfg = Debug|Any CPU
		{BBC02597-1DED-4164-82E7-5CB5BEC8C4C0}.Debug|Any CPU.Build.0 = Debug|Any CPU
		{BBC02597-1DED-4164-82E7-5CB5BEC8C4C0}.Debug|x64.ActiveCfg = Debug|Any CPU
		{BBC02597-1DED-4164-82E7-5CB5BEC8C4C0}.Debug|x64.Build.0 = Debug|Any CPU
		{BBC02597-1DED-4164-82E7-5CB5BEC8C4C0}.Debug|x86.ActiveCfg = Debug|Any CPU
		{BBC02597-1DED-4164-82E7-5CB5BEC8C4C0}.Debug|x86.Build.0 = Debug|Any CPU
		{BBC02597-1DED-4164-82E7-5CB5BEC8C4C0}.Release|Any CPU.ActiveCfg = Release|Any CPU
		{BBC02597-1DED-4164-82E7-5CB5BEC8C4C0}.Release|Any CPU.Build.0 = Release|Any CPU
		{BBC02597-1DED-4164-82E7-5CB5BEC8C4C0}.Release|x64.ActiveCfg = Release|Any CPU
		{BBC02597-1DED-4164-82E7-5CB5BEC8C4C0}.Release|x64.Build.0 = Release|Any CPU
		{BBC02597-1DED-4164-82E7-5CB5BEC8C4C0}.Release|x86.ActiveCfg = Release|Any CPU
		{BBC02597-1DED-4164-82E7-5CB5BEC8C4C0}.Release|x86.Build.0 = Release|Any CPU
		{873DC0F1-4DFC-4D7E-ABA3-D5BF33732CA3}.Debug|Any CPU.ActiveCfg = Debug|Any CPU
		{873DC0F1-4DFC-4D7E-ABA3-D5BF33732CA3}.Debug|Any CPU.Build.0 = Debug|Any CPU
		{873DC0F1-4DFC-4D7E-ABA3-D5BF33732CA3}.Debug|x64.ActiveCfg = Debug|Any CPU
		{873DC0F1-4DFC-4D7E-ABA3-D5BF33732CA3}.Debug|x64.Build.0 = Debug|Any CPU
		{873DC0F1-4DFC-4D7E-ABA3-D5BF33732CA3}.Debug|x86.ActiveCfg = Debug|Any CPU
		{873DC0F1-4DFC-4D7E-ABA3-D5BF33732CA3}.Debug|x86.Build.0 = Debug|Any CPU
		{873DC0F1-4DFC-4D7E-ABA3-D5BF33732CA3}.Release|Any CPU.ActiveCfg = Release|Any CPU
		{873DC0F1-4DFC-4D7E-ABA3-D5BF33732CA3}.Release|Any CPU.Build.0 = Release|Any CPU
		{873DC0F1-4DFC-4D7E-ABA3-D5BF33732CA3}.Release|x64.ActiveCfg = Release|Any CPU
		{873DC0F1-4DFC-4D7E-ABA3-D5BF33732CA3}.Release|x64.Build.0 = Release|Any CPU
		{873DC0F1-4DFC-4D7E-ABA3-D5BF33732CA3}.Release|x86.ActiveCfg = Release|Any CPU
		{873DC0F1-4DFC-4D7E-ABA3-D5BF33732CA3}.Release|x86.Build.0 = Release|Any CPU
		{2F40CDCE-AF2A-4281-8094-A9BDFFDAE3C2}.Debug|Any CPU.ActiveCfg = Debug|Any CPU
		{2F40CDCE-AF2A-4281-8094-A9BDFFDAE3C2}.Debug|Any CPU.Build.0 = Debug|Any CPU
		{2F40CDCE-AF2A-4281-8094-A9BDFFDAE3C2}.Debug|x64.ActiveCfg = Debug|Any CPU
		{2F40CDCE-AF2A-4281-8094-A9BDFFDAE3C2}.Debug|x64.Build.0 = Debug|Any CPU
		{2F40CDCE-AF2A-4281-8094-A9BDFFDAE3C2}.Debug|x86.ActiveCfg = Debug|Any CPU
		{2F40CDCE-AF2A-4281-8094-A9BDFFDAE3C2}.Debug|x86.Build.0 = Debug|Any CPU
		{2F40CDCE-AF2A-4281-8094-A9BDFFDAE3C2}.Release|Any CPU.ActiveCfg = Release|Any CPU
		{2F40CDCE-AF2A-4281-8094-A9BDFFDAE3C2}.Release|Any CPU.Build.0 = Release|Any CPU
		{2F40CDCE-AF2A-4281-8094-A9BDFFDAE3C2}.Release|x64.ActiveCfg = Release|Any CPU
		{2F40CDCE-AF2A-4281-8094-A9BDFFDAE3C2}.Release|x64.Build.0 = Release|Any CPU
		{2F40CDCE-AF2A-4281-8094-A9BDFFDAE3C2}.Release|x86.ActiveCfg = Release|Any CPU
		{2F40CDCE-AF2A-4281-8094-A9BDFFDAE3C2}.Release|x86.Build.0 = Release|Any CPU
		{4BCD02B2-266C-4E47-BE36-883B6860AF0B}.Debug|Any CPU.ActiveCfg = Debug|Any CPU
		{4BCD02B2-266C-4E47-BE36-883B6860AF0B}.Debug|Any CPU.Build.0 = Debug|Any CPU
		{4BCD02B2-266C-4E47-BE36-883B6860AF0B}.Debug|x64.ActiveCfg = Debug|Any CPU
		{4BCD02B2-266C-4E47-BE36-883B6860AF0B}.Debug|x64.Build.0 = Debug|Any CPU
		{4BCD02B2-266C-4E47-BE36-883B6860AF0B}.Debug|x86.ActiveCfg = Debug|Any CPU
		{4BCD02B2-266C-4E47-BE36-883B6860AF0B}.Debug|x86.Build.0 = Debug|Any CPU
		{4BCD02B2-266C-4E47-BE36-883B6860AF0B}.Release|Any CPU.ActiveCfg = Release|Any CPU
		{4BCD02B2-266C-4E47-BE36-883B6860AF0B}.Release|Any CPU.Build.0 = Release|Any CPU
		{4BCD02B2-266C-4E47-BE36-883B6860AF0B}.Release|x64.ActiveCfg = Release|Any CPU
		{4BCD02B2-266C-4E47-BE36-883B6860AF0B}.Release|x64.Build.0 = Release|Any CPU
		{4BCD02B2-266C-4E47-BE36-883B6860AF0B}.Release|x86.ActiveCfg = Release|Any CPU
		{4BCD02B2-266C-4E47-BE36-883B6860AF0B}.Release|x86.Build.0 = Release|Any CPU
		{19607B54-F852-4EEA-9E94-B66BDF36B706}.Debug|Any CPU.ActiveCfg = Debug|Any CPU
		{19607B54-F852-4EEA-9E94-B66BDF36B706}.Debug|Any CPU.Build.0 = Debug|Any CPU
		{19607B54-F852-4EEA-9E94-B66BDF36B706}.Debug|x64.ActiveCfg = Debug|Any CPU
		{19607B54-F852-4EEA-9E94-B66BDF36B706}.Debug|x64.Build.0 = Debug|Any CPU
		{19607B54-F852-4EEA-9E94-B66BDF36B706}.Debug|x86.ActiveCfg = Debug|Any CPU
		{19607B54-F852-4EEA-9E94-B66BDF36B706}.Debug|x86.Build.0 = Debug|Any CPU
		{19607B54-F852-4EEA-9E94-B66BDF36B706}.Release|Any CPU.ActiveCfg = Release|Any CPU
		{19607B54-F852-4EEA-9E94-B66BDF36B706}.Release|Any CPU.Build.0 = Release|Any CPU
		{19607B54-F852-4EEA-9E94-B66BDF36B706}.Release|x64.ActiveCfg = Release|Any CPU
		{19607B54-F852-4EEA-9E94-B66BDF36B706}.Release|x64.Build.0 = Release|Any CPU
		{19607B54-F852-4EEA-9E94-B66BDF36B706}.Release|x86.ActiveCfg = Release|Any CPU
		{19607B54-F852-4EEA-9E94-B66BDF36B706}.Release|x86.Build.0 = Release|Any CPU
		{AE1B35F4-9533-46CB-9395-FFCDCE7CB722}.Debug|Any CPU.ActiveCfg = Debug|Any CPU
		{AE1B35F4-9533-46CB-9395-FFCDCE7CB722}.Debug|Any CPU.Build.0 = Debug|Any CPU
		{AE1B35F4-9533-46CB-9395-FFCDCE7CB722}.Debug|x64.ActiveCfg = Debug|Any CPU
		{AE1B35F4-9533-46CB-9395-FFCDCE7CB722}.Debug|x64.Build.0 = Debug|Any CPU
		{AE1B35F4-9533-46CB-9395-FFCDCE7CB722}.Debug|x86.ActiveCfg = Debug|Any CPU
		{AE1B35F4-9533-46CB-9395-FFCDCE7CB722}.Debug|x86.Build.0 = Debug|Any CPU
		{AE1B35F4-9533-46CB-9395-FFCDCE7CB722}.Release|Any CPU.ActiveCfg = Release|Any CPU
		{AE1B35F4-9533-46CB-9395-FFCDCE7CB722}.Release|Any CPU.Build.0 = Release|Any CPU
		{AE1B35F4-9533-46CB-9395-FFCDCE7CB722}.Release|x64.ActiveCfg = Release|Any CPU
		{AE1B35F4-9533-46CB-9395-FFCDCE7CB722}.Release|x64.Build.0 = Release|Any CPU
		{AE1B35F4-9533-46CB-9395-FFCDCE7CB722}.Release|x86.ActiveCfg = Release|Any CPU
		{AE1B35F4-9533-46CB-9395-FFCDCE7CB722}.Release|x86.Build.0 = Release|Any CPU
		{0100E008-B42B-4869-9ABF-A65724C86268}.Debug|Any CPU.ActiveCfg = Debug|Win32
		{0100E008-B42B-4869-9ABF-A65724C86268}.Debug|x64.ActiveCfg = Debug|x64
		{0100E008-B42B-4869-9ABF-A65724C86268}.Debug|x64.Build.0 = Debug|x64
		{0100E008-B42B-4869-9ABF-A65724C86268}.Debug|x86.ActiveCfg = Debug|Win32
		{0100E008-B42B-4869-9ABF-A65724C86268}.Debug|x86.Build.0 = Debug|Win32
		{0100E008-B42B-4869-9ABF-A65724C86268}.Release|Any CPU.ActiveCfg = Release|Win32
		{0100E008-B42B-4869-9ABF-A65724C86268}.Release|x64.ActiveCfg = Release|x64
		{0100E008-B42B-4869-9ABF-A65724C86268}.Release|x64.Build.0 = Release|x64
		{0100E008-B42B-4869-9ABF-A65724C86268}.Release|x86.ActiveCfg = Release|Win32
		{0100E008-B42B-4869-9ABF-A65724C86268}.Release|x86.Build.0 = Release|Win32
		{F46F5906-2D21-4162-832A-78E2DC6324CB}.Debug|Any CPU.ActiveCfg = Debug|Any CPU
		{F46F5906-2D21-4162-832A-78E2DC6324CB}.Debug|Any CPU.Build.0 = Debug|Any CPU
		{F46F5906-2D21-4162-832A-78E2DC6324CB}.Debug|x64.ActiveCfg = Debug|Any CPU
		{F46F5906-2D21-4162-832A-78E2DC6324CB}.Debug|x64.Build.0 = Debug|Any CPU
		{F46F5906-2D21-4162-832A-78E2DC6324CB}.Debug|x86.ActiveCfg = Debug|Any CPU
		{F46F5906-2D21-4162-832A-78E2DC6324CB}.Debug|x86.Build.0 = Debug|Any CPU
		{F46F5906-2D21-4162-832A-78E2DC6324CB}.Release|Any CPU.ActiveCfg = Release|Any CPU
		{F46F5906-2D21-4162-832A-78E2DC6324CB}.Release|Any CPU.Build.0 = Release|Any CPU
		{F46F5906-2D21-4162-832A-78E2DC6324CB}.Release|x64.ActiveCfg = Release|Any CPU
		{F46F5906-2D21-4162-832A-78E2DC6324CB}.Release|x64.Build.0 = Release|Any CPU
		{F46F5906-2D21-4162-832A-78E2DC6324CB}.Release|x86.ActiveCfg = Release|Any CPU
		{F46F5906-2D21-4162-832A-78E2DC6324CB}.Release|x86.Build.0 = Release|Any CPU
		{07619665-6A8D-4DDD-8F7E-A26307551FEE}.Debug|Any CPU.ActiveCfg = Debug|Any CPU
		{07619665-6A8D-4DDD-8F7E-A26307551FEE}.Debug|Any CPU.Build.0 = Debug|Any CPU
		{07619665-6A8D-4DDD-8F7E-A26307551FEE}.Debug|x64.ActiveCfg = Debug|Any CPU
		{07619665-6A8D-4DDD-8F7E-A26307551FEE}.Debug|x64.Build.0 = Debug|Any CPU
		{07619665-6A8D-4DDD-8F7E-A26307551FEE}.Debug|x86.ActiveCfg = Debug|Any CPU
		{07619665-6A8D-4DDD-8F7E-A26307551FEE}.Debug|x86.Build.0 = Debug|Any CPU
		{07619665-6A8D-4DDD-8F7E-A26307551FEE}.Release|Any CPU.ActiveCfg = Release|Any CPU
		{07619665-6A8D-4DDD-8F7E-A26307551FEE}.Release|Any CPU.Build.0 = Release|Any CPU
		{07619665-6A8D-4DDD-8F7E-A26307551FEE}.Release|x64.ActiveCfg = Release|Any CPU
		{07619665-6A8D-4DDD-8F7E-A26307551FEE}.Release|x64.Build.0 = Release|Any CPU
		{07619665-6A8D-4DDD-8F7E-A26307551FEE}.Release|x86.ActiveCfg = Release|Any CPU
		{07619665-6A8D-4DDD-8F7E-A26307551FEE}.Release|x86.Build.0 = Release|Any CPU
		{E1C5A8FE-61A6-43D7-BF79-7F58F50214AD}.Debug|Any CPU.ActiveCfg = Debug|Any CPU
		{E1C5A8FE-61A6-43D7-BF79-7F58F50214AD}.Debug|Any CPU.Build.0 = Debug|Any CPU
		{E1C5A8FE-61A6-43D7-BF79-7F58F50214AD}.Debug|x64.ActiveCfg = Debug|Any CPU
		{E1C5A8FE-61A6-43D7-BF79-7F58F50214AD}.Debug|x64.Build.0 = Debug|Any CPU
		{E1C5A8FE-61A6-43D7-BF79-7F58F50214AD}.Debug|x86.ActiveCfg = Debug|Any CPU
		{E1C5A8FE-61A6-43D7-BF79-7F58F50214AD}.Debug|x86.Build.0 = Debug|Any CPU
		{E1C5A8FE-61A6-43D7-BF79-7F58F50214AD}.Release|Any CPU.ActiveCfg = Release|Any CPU
		{E1C5A8FE-61A6-43D7-BF79-7F58F50214AD}.Release|Any CPU.Build.0 = Release|Any CPU
		{E1C5A8FE-61A6-43D7-BF79-7F58F50214AD}.Release|x64.ActiveCfg = Release|Any CPU
		{E1C5A8FE-61A6-43D7-BF79-7F58F50214AD}.Release|x64.Build.0 = Release|Any CPU
		{E1C5A8FE-61A6-43D7-BF79-7F58F50214AD}.Release|x86.ActiveCfg = Release|Any CPU
		{E1C5A8FE-61A6-43D7-BF79-7F58F50214AD}.Release|x86.Build.0 = Release|Any CPU
		{156E4FA2-8265-4939-B043-B1726A65C025}.Debug|Any CPU.ActiveCfg = Debug|Any CPU
		{156E4FA2-8265-4939-B043-B1726A65C025}.Debug|Any CPU.Build.0 = Debug|Any CPU
		{156E4FA2-8265-4939-B043-B1726A65C025}.Debug|x64.ActiveCfg = Debug|Any CPU
		{156E4FA2-8265-4939-B043-B1726A65C025}.Debug|x64.Build.0 = Debug|Any CPU
		{156E4FA2-8265-4939-B043-B1726A65C025}.Debug|x86.ActiveCfg = Debug|Any CPU
		{156E4FA2-8265-4939-B043-B1726A65C025}.Debug|x86.Build.0 = Debug|Any CPU
		{156E4FA2-8265-4939-B043-B1726A65C025}.Release|Any CPU.ActiveCfg = Release|Any CPU
		{156E4FA2-8265-4939-B043-B1726A65C025}.Release|Any CPU.Build.0 = Release|Any CPU
		{156E4FA2-8265-4939-B043-B1726A65C025}.Release|x64.ActiveCfg = Release|Any CPU
		{156E4FA2-8265-4939-B043-B1726A65C025}.Release|x64.Build.0 = Release|Any CPU
		{156E4FA2-8265-4939-B043-B1726A65C025}.Release|x86.ActiveCfg = Release|Any CPU
		{156E4FA2-8265-4939-B043-B1726A65C025}.Release|x86.Build.0 = Release|Any CPU
		{844AA817-BD55-4393-8FBE-8C7A7B2B81A4}.Debug|Any CPU.ActiveCfg = Debug|Any CPU
		{844AA817-BD55-4393-8FBE-8C7A7B2B81A4}.Debug|Any CPU.Build.0 = Debug|Any CPU
		{844AA817-BD55-4393-8FBE-8C7A7B2B81A4}.Debug|x64.ActiveCfg = Debug|Any CPU
		{844AA817-BD55-4393-8FBE-8C7A7B2B81A4}.Debug|x64.Build.0 = Debug|Any CPU
		{844AA817-BD55-4393-8FBE-8C7A7B2B81A4}.Debug|x86.ActiveCfg = Debug|Any CPU
		{844AA817-BD55-4393-8FBE-8C7A7B2B81A4}.Debug|x86.Build.0 = Debug|Any CPU
		{844AA817-BD55-4393-8FBE-8C7A7B2B81A4}.Release|Any CPU.ActiveCfg = Release|Any CPU
		{844AA817-BD55-4393-8FBE-8C7A7B2B81A4}.Release|Any CPU.Build.0 = Release|Any CPU
		{844AA817-BD55-4393-8FBE-8C7A7B2B81A4}.Release|x64.ActiveCfg = Release|Any CPU
		{844AA817-BD55-4393-8FBE-8C7A7B2B81A4}.Release|x64.Build.0 = Release|Any CPU
		{844AA817-BD55-4393-8FBE-8C7A7B2B81A4}.Release|x86.ActiveCfg = Release|Any CPU
		{844AA817-BD55-4393-8FBE-8C7A7B2B81A4}.Release|x86.Build.0 = Release|Any CPU
		{A44F853D-9B1C-4D7F-94DE-A427EB55DDEC}.Debug|Any CPU.ActiveCfg = Debug|Any CPU
		{A44F853D-9B1C-4D7F-94DE-A427EB55DDEC}.Debug|Any CPU.Build.0 = Debug|Any CPU
		{A44F853D-9B1C-4D7F-94DE-A427EB55DDEC}.Debug|x64.ActiveCfg = Debug|Any CPU
		{A44F853D-9B1C-4D7F-94DE-A427EB55DDEC}.Debug|x64.Build.0 = Debug|Any CPU
		{A44F853D-9B1C-4D7F-94DE-A427EB55DDEC}.Debug|x86.ActiveCfg = Debug|Any CPU
		{A44F853D-9B1C-4D7F-94DE-A427EB55DDEC}.Debug|x86.Build.0 = Debug|Any CPU
		{A44F853D-9B1C-4D7F-94DE-A427EB55DDEC}.Release|Any CPU.ActiveCfg = Release|Any CPU
		{A44F853D-9B1C-4D7F-94DE-A427EB55DDEC}.Release|Any CPU.Build.0 = Release|Any CPU
		{A44F853D-9B1C-4D7F-94DE-A427EB55DDEC}.Release|x64.ActiveCfg = Release|Any CPU
		{A44F853D-9B1C-4D7F-94DE-A427EB55DDEC}.Release|x64.Build.0 = Release|Any CPU
		{A44F853D-9B1C-4D7F-94DE-A427EB55DDEC}.Release|x86.ActiveCfg = Release|Any CPU
		{A44F853D-9B1C-4D7F-94DE-A427EB55DDEC}.Release|x86.Build.0 = Release|Any CPU
		{ABA27742-0341-408A-8949-41D0A10A9D86}.Debug|Any CPU.ActiveCfg = Debug|Any CPU
		{ABA27742-0341-408A-8949-41D0A10A9D86}.Debug|Any CPU.Build.0 = Debug|Any CPU
		{ABA27742-0341-408A-8949-41D0A10A9D86}.Debug|x64.ActiveCfg = Debug|Any CPU
		{ABA27742-0341-408A-8949-41D0A10A9D86}.Debug|x64.Build.0 = Debug|Any CPU
		{ABA27742-0341-408A-8949-41D0A10A9D86}.Debug|x86.ActiveCfg = Debug|Any CPU
		{ABA27742-0341-408A-8949-41D0A10A9D86}.Debug|x86.Build.0 = Debug|Any CPU
		{ABA27742-0341-408A-8949-41D0A10A9D86}.Release|Any CPU.ActiveCfg = Release|Any CPU
		{ABA27742-0341-408A-8949-41D0A10A9D86}.Release|Any CPU.Build.0 = Release|Any CPU
		{ABA27742-0341-408A-8949-41D0A10A9D86}.Release|x64.ActiveCfg = Release|Any CPU
		{ABA27742-0341-408A-8949-41D0A10A9D86}.Release|x64.Build.0 = Release|Any CPU
		{ABA27742-0341-408A-8949-41D0A10A9D86}.Release|x86.ActiveCfg = Release|Any CPU
		{ABA27742-0341-408A-8949-41D0A10A9D86}.Release|x86.Build.0 = Release|Any CPU
		{F53C04D9-B135-41EC-9A29-6CB77ACD32EA}.Debug|Any CPU.ActiveCfg = Debug|Any CPU
		{F53C04D9-B135-41EC-9A29-6CB77ACD32EA}.Debug|Any CPU.Build.0 = Debug|Any CPU
		{F53C04D9-B135-41EC-9A29-6CB77ACD32EA}.Debug|x64.ActiveCfg = Debug|Any CPU
		{F53C04D9-B135-41EC-9A29-6CB77ACD32EA}.Debug|x64.Build.0 = Debug|Any CPU
		{F53C04D9-B135-41EC-9A29-6CB77ACD32EA}.Debug|x86.ActiveCfg = Debug|Any CPU
		{F53C04D9-B135-41EC-9A29-6CB77ACD32EA}.Debug|x86.Build.0 = Debug|Any CPU
		{F53C04D9-B135-41EC-9A29-6CB77ACD32EA}.Release|Any CPU.ActiveCfg = Release|Any CPU
		{F53C04D9-B135-41EC-9A29-6CB77ACD32EA}.Release|Any CPU.Build.0 = Release|Any CPU
		{F53C04D9-B135-41EC-9A29-6CB77ACD32EA}.Release|x64.ActiveCfg = Release|Any CPU
		{F53C04D9-B135-41EC-9A29-6CB77ACD32EA}.Release|x64.Build.0 = Release|Any CPU
		{F53C04D9-B135-41EC-9A29-6CB77ACD32EA}.Release|x86.ActiveCfg = Release|Any CPU
		{F53C04D9-B135-41EC-9A29-6CB77ACD32EA}.Release|x86.Build.0 = Release|Any CPU
		{ECB4841A-C330-4998-B141-42F7443BC232}.Debug|Any CPU.ActiveCfg = Debug|Any CPU
		{ECB4841A-C330-4998-B141-42F7443BC232}.Debug|Any CPU.Build.0 = Debug|Any CPU
		{ECB4841A-C330-4998-B141-42F7443BC232}.Debug|x64.ActiveCfg = Debug|Any CPU
		{ECB4841A-C330-4998-B141-42F7443BC232}.Debug|x64.Build.0 = Debug|Any CPU
		{ECB4841A-C330-4998-B141-42F7443BC232}.Debug|x86.ActiveCfg = Debug|Any CPU
		{ECB4841A-C330-4998-B141-42F7443BC232}.Debug|x86.Build.0 = Debug|Any CPU
		{ECB4841A-C330-4998-B141-42F7443BC232}.Release|Any CPU.ActiveCfg = Release|Any CPU
		{ECB4841A-C330-4998-B141-42F7443BC232}.Release|Any CPU.Build.0 = Release|Any CPU
		{ECB4841A-C330-4998-B141-42F7443BC232}.Release|x64.ActiveCfg = Release|Any CPU
		{ECB4841A-C330-4998-B141-42F7443BC232}.Release|x64.Build.0 = Release|Any CPU
		{ECB4841A-C330-4998-B141-42F7443BC232}.Release|x86.ActiveCfg = Release|Any CPU
		{ECB4841A-C330-4998-B141-42F7443BC232}.Release|x86.Build.0 = Release|Any CPU
		{6E59BFDE-E2E4-402F-9DB4-0B19444EBAF8}.Debug|Any CPU.ActiveCfg = Debug|Any CPU
		{6E59BFDE-E2E4-402F-9DB4-0B19444EBAF8}.Debug|Any CPU.Build.0 = Debug|Any CPU
		{6E59BFDE-E2E4-402F-9DB4-0B19444EBAF8}.Debug|x64.ActiveCfg = Debug|Any CPU
		{6E59BFDE-E2E4-402F-9DB4-0B19444EBAF8}.Debug|x64.Build.0 = Debug|Any CPU
		{6E59BFDE-E2E4-402F-9DB4-0B19444EBAF8}.Debug|x86.ActiveCfg = Debug|Any CPU
		{6E59BFDE-E2E4-402F-9DB4-0B19444EBAF8}.Debug|x86.Build.0 = Debug|Any CPU
		{6E59BFDE-E2E4-402F-9DB4-0B19444EBAF8}.Release|Any CPU.ActiveCfg = Release|Any CPU
		{6E59BFDE-E2E4-402F-9DB4-0B19444EBAF8}.Release|Any CPU.Build.0 = Release|Any CPU
		{6E59BFDE-E2E4-402F-9DB4-0B19444EBAF8}.Release|x64.ActiveCfg = Release|Any CPU
		{6E59BFDE-E2E4-402F-9DB4-0B19444EBAF8}.Release|x64.Build.0 = Release|Any CPU
		{6E59BFDE-E2E4-402F-9DB4-0B19444EBAF8}.Release|x86.ActiveCfg = Release|Any CPU
		{6E59BFDE-E2E4-402F-9DB4-0B19444EBAF8}.Release|x86.Build.0 = Release|Any CPU
		{2AAA824B-EAB9-4157-8F85-6046B44E1CC8}.Debug|Any CPU.ActiveCfg = Debug|Any CPU
		{2AAA824B-EAB9-4157-8F85-6046B44E1CC8}.Debug|Any CPU.Build.0 = Debug|Any CPU
		{2AAA824B-EAB9-4157-8F85-6046B44E1CC8}.Debug|x64.ActiveCfg = Debug|Any CPU
		{2AAA824B-EAB9-4157-8F85-6046B44E1CC8}.Debug|x64.Build.0 = Debug|Any CPU
		{2AAA824B-EAB9-4157-8F85-6046B44E1CC8}.Debug|x86.ActiveCfg = Debug|Any CPU
		{2AAA824B-EAB9-4157-8F85-6046B44E1CC8}.Debug|x86.Build.0 = Debug|Any CPU
		{2AAA824B-EAB9-4157-8F85-6046B44E1CC8}.Release|Any CPU.ActiveCfg = Release|Any CPU
		{2AAA824B-EAB9-4157-8F85-6046B44E1CC8}.Release|Any CPU.Build.0 = Release|Any CPU
		{2AAA824B-EAB9-4157-8F85-6046B44E1CC8}.Release|x64.ActiveCfg = Release|Any CPU
		{2AAA824B-EAB9-4157-8F85-6046B44E1CC8}.Release|x64.Build.0 = Release|Any CPU
		{2AAA824B-EAB9-4157-8F85-6046B44E1CC8}.Release|x86.ActiveCfg = Release|Any CPU
		{2AAA824B-EAB9-4157-8F85-6046B44E1CC8}.Release|x86.Build.0 = Release|Any CPU
		{340FAF50-A85A-4FBE-9AFB-11FD99DD443F}.Debug|Any CPU.ActiveCfg = Debug|Any CPU
		{340FAF50-A85A-4FBE-9AFB-11FD99DD443F}.Debug|Any CPU.Build.0 = Debug|Any CPU
		{340FAF50-A85A-4FBE-9AFB-11FD99DD443F}.Debug|x64.ActiveCfg = Debug|Any CPU
		{340FAF50-A85A-4FBE-9AFB-11FD99DD443F}.Debug|x64.Build.0 = Debug|Any CPU
		{340FAF50-A85A-4FBE-9AFB-11FD99DD443F}.Debug|x86.ActiveCfg = Debug|Any CPU
		{340FAF50-A85A-4FBE-9AFB-11FD99DD443F}.Debug|x86.Build.0 = Debug|Any CPU
		{340FAF50-A85A-4FBE-9AFB-11FD99DD443F}.Release|Any CPU.ActiveCfg = Release|Any CPU
		{340FAF50-A85A-4FBE-9AFB-11FD99DD443F}.Release|Any CPU.Build.0 = Release|Any CPU
		{340FAF50-A85A-4FBE-9AFB-11FD99DD443F}.Release|x64.ActiveCfg = Release|Any CPU
		{340FAF50-A85A-4FBE-9AFB-11FD99DD443F}.Release|x64.Build.0 = Release|Any CPU
		{340FAF50-A85A-4FBE-9AFB-11FD99DD443F}.Release|x86.ActiveCfg = Release|Any CPU
		{340FAF50-A85A-4FBE-9AFB-11FD99DD443F}.Release|x86.Build.0 = Release|Any CPU
		{BE0CE8D3-E958-47D4-B6DD-E43934848571}.Debug|Any CPU.ActiveCfg = Debug|Any CPU
		{BE0CE8D3-E958-47D4-B6DD-E43934848571}.Debug|Any CPU.Build.0 = Debug|Any CPU
		{BE0CE8D3-E958-47D4-B6DD-E43934848571}.Debug|x64.ActiveCfg = Debug|Any CPU
		{BE0CE8D3-E958-47D4-B6DD-E43934848571}.Debug|x64.Build.0 = Debug|Any CPU
		{BE0CE8D3-E958-47D4-B6DD-E43934848571}.Debug|x86.ActiveCfg = Debug|Any CPU
		{BE0CE8D3-E958-47D4-B6DD-E43934848571}.Debug|x86.Build.0 = Debug|Any CPU
		{BE0CE8D3-E958-47D4-B6DD-E43934848571}.Release|Any CPU.ActiveCfg = Release|Any CPU
		{BE0CE8D3-E958-47D4-B6DD-E43934848571}.Release|Any CPU.Build.0 = Release|Any CPU
		{BE0CE8D3-E958-47D4-B6DD-E43934848571}.Release|x64.ActiveCfg = Release|Any CPU
		{BE0CE8D3-E958-47D4-B6DD-E43934848571}.Release|x64.Build.0 = Release|Any CPU
		{BE0CE8D3-E958-47D4-B6DD-E43934848571}.Release|x86.ActiveCfg = Release|Any CPU
		{BE0CE8D3-E958-47D4-B6DD-E43934848571}.Release|x86.Build.0 = Release|Any CPU
		{09A0503C-C01E-40E1-AD93-EA802FB3A0AB}.Debug|Any CPU.ActiveCfg = Debug|Any CPU
		{09A0503C-C01E-40E1-AD93-EA802FB3A0AB}.Debug|Any CPU.Build.0 = Debug|Any CPU
		{09A0503C-C01E-40E1-AD93-EA802FB3A0AB}.Debug|x64.ActiveCfg = Debug|Any CPU
		{09A0503C-C01E-40E1-AD93-EA802FB3A0AB}.Debug|x64.Build.0 = Debug|Any CPU
		{09A0503C-C01E-40E1-AD93-EA802FB3A0AB}.Debug|x86.ActiveCfg = Debug|Any CPU
		{09A0503C-C01E-40E1-AD93-EA802FB3A0AB}.Debug|x86.Build.0 = Debug|Any CPU
		{09A0503C-C01E-40E1-AD93-EA802FB3A0AB}.Release|Any CPU.ActiveCfg = Release|Any CPU
		{09A0503C-C01E-40E1-AD93-EA802FB3A0AB}.Release|Any CPU.Build.0 = Release|Any CPU
		{09A0503C-C01E-40E1-AD93-EA802FB3A0AB}.Release|x64.ActiveCfg = Release|Any CPU
		{09A0503C-C01E-40E1-AD93-EA802FB3A0AB}.Release|x64.Build.0 = Release|Any CPU
		{09A0503C-C01E-40E1-AD93-EA802FB3A0AB}.Release|x86.ActiveCfg = Release|Any CPU
		{09A0503C-C01E-40E1-AD93-EA802FB3A0AB}.Release|x86.Build.0 = Release|Any CPU
		{EA6F3602-3222-4D18-BA4E-81939218411E}.Debug|Any CPU.ActiveCfg = Debug|Any CPU
		{EA6F3602-3222-4D18-BA4E-81939218411E}.Debug|Any CPU.Build.0 = Debug|Any CPU
		{EA6F3602-3222-4D18-BA4E-81939218411E}.Debug|x64.ActiveCfg = Debug|Any CPU
		{EA6F3602-3222-4D18-BA4E-81939218411E}.Debug|x64.Build.0 = Debug|Any CPU
		{EA6F3602-3222-4D18-BA4E-81939218411E}.Debug|x86.ActiveCfg = Debug|Any CPU
		{EA6F3602-3222-4D18-BA4E-81939218411E}.Debug|x86.Build.0 = Debug|Any CPU
		{EA6F3602-3222-4D18-BA4E-81939218411E}.Release|Any CPU.ActiveCfg = Release|Any CPU
		{EA6F3602-3222-4D18-BA4E-81939218411E}.Release|Any CPU.Build.0 = Release|Any CPU
		{EA6F3602-3222-4D18-BA4E-81939218411E}.Release|x64.ActiveCfg = Release|Any CPU
		{EA6F3602-3222-4D18-BA4E-81939218411E}.Release|x64.Build.0 = Release|Any CPU
		{EA6F3602-3222-4D18-BA4E-81939218411E}.Release|x86.ActiveCfg = Release|Any CPU
		{EA6F3602-3222-4D18-BA4E-81939218411E}.Release|x86.Build.0 = Release|Any CPU
		{D964038E-C411-40C7-8783-D09DFBC31029}.Debug|Any CPU.ActiveCfg = Debug|Any CPU
		{D964038E-C411-40C7-8783-D09DFBC31029}.Debug|Any CPU.Build.0 = Debug|Any CPU
		{D964038E-C411-40C7-8783-D09DFBC31029}.Debug|x64.ActiveCfg = Debug|Any CPU
		{D964038E-C411-40C7-8783-D09DFBC31029}.Debug|x64.Build.0 = Debug|Any CPU
		{D964038E-C411-40C7-8783-D09DFBC31029}.Debug|x86.ActiveCfg = Debug|Any CPU
		{D964038E-C411-40C7-8783-D09DFBC31029}.Debug|x86.Build.0 = Debug|Any CPU
		{D964038E-C411-40C7-8783-D09DFBC31029}.Release|Any CPU.ActiveCfg = Release|Any CPU
		{D964038E-C411-40C7-8783-D09DFBC31029}.Release|Any CPU.Build.0 = Release|Any CPU
		{D964038E-C411-40C7-8783-D09DFBC31029}.Release|x64.ActiveCfg = Release|Any CPU
		{D964038E-C411-40C7-8783-D09DFBC31029}.Release|x64.Build.0 = Release|Any CPU
		{D964038E-C411-40C7-8783-D09DFBC31029}.Release|x86.ActiveCfg = Release|Any CPU
		{D964038E-C411-40C7-8783-D09DFBC31029}.Release|x86.Build.0 = Release|Any CPU
		{E2A107FC-AA09-4038-8F4B-C2BEF8B9B2F6}.Debug|Any CPU.ActiveCfg = Debug|Any CPU
		{E2A107FC-AA09-4038-8F4B-C2BEF8B9B2F6}.Debug|Any CPU.Build.0 = Debug|Any CPU
		{E2A107FC-AA09-4038-8F4B-C2BEF8B9B2F6}.Debug|x64.ActiveCfg = Debug|Any CPU
		{E2A107FC-AA09-4038-8F4B-C2BEF8B9B2F6}.Debug|x64.Build.0 = Debug|Any CPU
		{E2A107FC-AA09-4038-8F4B-C2BEF8B9B2F6}.Debug|x86.ActiveCfg = Debug|Any CPU
		{E2A107FC-AA09-4038-8F4B-C2BEF8B9B2F6}.Debug|x86.Build.0 = Debug|Any CPU
		{E2A107FC-AA09-4038-8F4B-C2BEF8B9B2F6}.Release|Any CPU.ActiveCfg = Release|Any CPU
		{E2A107FC-AA09-4038-8F4B-C2BEF8B9B2F6}.Release|Any CPU.Build.0 = Release|Any CPU
		{E2A107FC-AA09-4038-8F4B-C2BEF8B9B2F6}.Release|x64.ActiveCfg = Release|Any CPU
		{E2A107FC-AA09-4038-8F4B-C2BEF8B9B2F6}.Release|x64.Build.0 = Release|Any CPU
		{E2A107FC-AA09-4038-8F4B-C2BEF8B9B2F6}.Release|x86.ActiveCfg = Release|Any CPU
		{E2A107FC-AA09-4038-8F4B-C2BEF8B9B2F6}.Release|x86.Build.0 = Release|Any CPU
		{197C59B9-8804-4F78-8920-7DD1BED7070E}.Debug|Any CPU.ActiveCfg = Debug|Any CPU
		{197C59B9-8804-4F78-8920-7DD1BED7070E}.Debug|Any CPU.Build.0 = Debug|Any CPU
		{197C59B9-8804-4F78-8920-7DD1BED7070E}.Debug|x64.ActiveCfg = Debug|Any CPU
		{197C59B9-8804-4F78-8920-7DD1BED7070E}.Debug|x64.Build.0 = Debug|Any CPU
		{197C59B9-8804-4F78-8920-7DD1BED7070E}.Debug|x86.ActiveCfg = Debug|Any CPU
		{197C59B9-8804-4F78-8920-7DD1BED7070E}.Debug|x86.Build.0 = Debug|Any CPU
		{197C59B9-8804-4F78-8920-7DD1BED7070E}.Release|Any CPU.ActiveCfg = Release|Any CPU
		{197C59B9-8804-4F78-8920-7DD1BED7070E}.Release|Any CPU.Build.0 = Release|Any CPU
		{197C59B9-8804-4F78-8920-7DD1BED7070E}.Release|x64.ActiveCfg = Release|Any CPU
		{197C59B9-8804-4F78-8920-7DD1BED7070E}.Release|x64.Build.0 = Release|Any CPU
		{197C59B9-8804-4F78-8920-7DD1BED7070E}.Release|x86.ActiveCfg = Release|Any CPU
		{197C59B9-8804-4F78-8920-7DD1BED7070E}.Release|x86.Build.0 = Release|Any CPU
		{0756A836-E568-48E0-B31A-87337F524618}.Debug|Any CPU.ActiveCfg = Debug|Any CPU
		{0756A836-E568-48E0-B31A-87337F524618}.Debug|Any CPU.Build.0 = Debug|Any CPU
		{0756A836-E568-48E0-B31A-87337F524618}.Debug|x64.ActiveCfg = Debug|Any CPU
		{0756A836-E568-48E0-B31A-87337F524618}.Debug|x64.Build.0 = Debug|Any CPU
		{0756A836-E568-48E0-B31A-87337F524618}.Debug|x86.ActiveCfg = Debug|Any CPU
		{0756A836-E568-48E0-B31A-87337F524618}.Debug|x86.Build.0 = Debug|Any CPU
		{0756A836-E568-48E0-B31A-87337F524618}.Release|Any CPU.ActiveCfg = Release|Any CPU
		{0756A836-E568-48E0-B31A-87337F524618}.Release|Any CPU.Build.0 = Release|Any CPU
		{0756A836-E568-48E0-B31A-87337F524618}.Release|x64.ActiveCfg = Release|Any CPU
		{0756A836-E568-48E0-B31A-87337F524618}.Release|x64.Build.0 = Release|Any CPU
		{0756A836-E568-48E0-B31A-87337F524618}.Release|x86.ActiveCfg = Release|Any CPU
		{0756A836-E568-48E0-B31A-87337F524618}.Release|x86.Build.0 = Release|Any CPU
		{6CFBEF6E-862B-4626-B483-4ED65EC1D7A3}.Debug|Any CPU.ActiveCfg = Debug|Any CPU
		{6CFBEF6E-862B-4626-B483-4ED65EC1D7A3}.Debug|Any CPU.Build.0 = Debug|Any CPU
		{6CFBEF6E-862B-4626-B483-4ED65EC1D7A3}.Debug|x64.ActiveCfg = Debug|Any CPU
		{6CFBEF6E-862B-4626-B483-4ED65EC1D7A3}.Debug|x64.Build.0 = Debug|Any CPU
		{6CFBEF6E-862B-4626-B483-4ED65EC1D7A3}.Debug|x86.ActiveCfg = Debug|Any CPU
		{6CFBEF6E-862B-4626-B483-4ED65EC1D7A3}.Debug|x86.Build.0 = Debug|Any CPU
		{6CFBEF6E-862B-4626-B483-4ED65EC1D7A3}.Release|Any CPU.ActiveCfg = Release|Any CPU
		{6CFBEF6E-862B-4626-B483-4ED65EC1D7A3}.Release|Any CPU.Build.0 = Release|Any CPU
		{6CFBEF6E-862B-4626-B483-4ED65EC1D7A3}.Release|x64.ActiveCfg = Release|Any CPU
		{6CFBEF6E-862B-4626-B483-4ED65EC1D7A3}.Release|x64.Build.0 = Release|Any CPU
		{6CFBEF6E-862B-4626-B483-4ED65EC1D7A3}.Release|x86.ActiveCfg = Release|Any CPU
		{6CFBEF6E-862B-4626-B483-4ED65EC1D7A3}.Release|x86.Build.0 = Release|Any CPU
		{07519272-9533-4DB6-BABA-79B0FA1F6711}.Debug|Any CPU.ActiveCfg = Debug|Any CPU
		{07519272-9533-4DB6-BABA-79B0FA1F6711}.Debug|Any CPU.Build.0 = Debug|Any CPU
		{07519272-9533-4DB6-BABA-79B0FA1F6711}.Debug|x64.ActiveCfg = Debug|Any CPU
		{07519272-9533-4DB6-BABA-79B0FA1F6711}.Debug|x64.Build.0 = Debug|Any CPU
		{07519272-9533-4DB6-BABA-79B0FA1F6711}.Debug|x86.ActiveCfg = Debug|Any CPU
		{07519272-9533-4DB6-BABA-79B0FA1F6711}.Debug|x86.Build.0 = Debug|Any CPU
		{07519272-9533-4DB6-BABA-79B0FA1F6711}.Release|Any CPU.ActiveCfg = Release|Any CPU
		{07519272-9533-4DB6-BABA-79B0FA1F6711}.Release|Any CPU.Build.0 = Release|Any CPU
		{07519272-9533-4DB6-BABA-79B0FA1F6711}.Release|x64.ActiveCfg = Release|Any CPU
		{07519272-9533-4DB6-BABA-79B0FA1F6711}.Release|x64.Build.0 = Release|Any CPU
		{07519272-9533-4DB6-BABA-79B0FA1F6711}.Release|x86.ActiveCfg = Release|Any CPU
		{07519272-9533-4DB6-BABA-79B0FA1F6711}.Release|x86.Build.0 = Release|Any CPU
	EndGlobalSection
	GlobalSection(SolutionProperties) = preSolution
		HideSolutionNode = FALSE
	EndGlobalSection
	GlobalSection(ExtensibilityGlobals) = postSolution
		SolutionGuid = {D8BA27BE-82B0-4B41-810A-D12B6C8B3BC3}
	EndGlobalSection
EndGlobal
